
Microsoft Visual Studio Solution File, Format Version 12.00
Project("{FAE04EC0-301F-11D3-BF4B-00C04F79EFBC}") = "WormsFinder", "WormsFinder\WormsFinder.csproj", "{559735ED-EA5F-4B4D-B5C3-1FF3C3445CB2}"
EndProject
Project("{FAE04EC0-301F-11D3-BF4B-00C04F79EFBC}") = "TestWorms", "TestWorms\TestWorms.csproj", "{C15B719F-DA94-4473-968A-78AE50400D3E}"
EndProject
Project("{2150E333-8FDC-42A3-9474-1A3956D46DE8}") = "Bootcamp", "Bootcamp", "{80211619-DC93-4A03-918B-8C4BAA2BA427}"
EndProject
Project("{2150E333-8FDC-42A3-9474-1A3956D46DE8}") = "d_00", "d_00", "{5CB45EF6-085B-4EAB-B816-219E4D74EE56}"
EndProject
Project("{FAE04EC0-301F-11D3-BF4B-00C04F79EFBC}") = "d_00_ex00", "Bootcamp\d_00\d_00_ex00\d_00_ex00.csproj", "{A93E1241-FA6F-4D46-9120-2EF75C188B4C}"
EndProject
Project("{FAE04EC0-301F-11D3-BF4B-00C04F79EFBC}") = "d_00_ex01", "Bootcamp\d_00\d_00_ex01\d_00_ex01.csproj", "{E3E146E8-0EF6-4498-87EA-B2080891DD03}"
EndProject
Project("{2150E333-8FDC-42A3-9474-1A3956D46DE8}") = "WpfStudy", "WpfStudy", "{12F1A7AE-94F2-4CBF-AA0A-9E88892956AC}"
EndProject
Project("{FAE04EC0-301F-11D3-BF4B-00C04F79EFBC}") = "WpfApp", "WpfApp\WpfApp.csproj", "{BD2118FC-5AF9-499D-9413-143539EF3536}"
EndProject
Project("{2150E333-8FDC-42A3-9474-1A3956D46DE8}") = "d_01", "d_01", "{8C3E7C8D-C77E-4FB0-8B96-ED87DF38B7AF}"
EndProject
Project("{FAE04EC0-301F-11D3-BF4B-00C04F79EFBC}") = "d_01", "Bootcamp\d_01\d_01.csproj", "{64D273D3-846A-44EB-BD23-B915D34043A3}"
EndProject
Project("{2150E333-8FDC-42A3-9474-1A3956D46DE8}") = "Avalonia", "Avalonia", "{61980DBE-78D9-42EE-A434-742AA8423144}"
	ProjectSection(SolutionItems) = preProject
		Avalonia\README.md = Avalonia\README.md
	EndProjectSection
EndProject
Project("{FAE04EC0-301F-11D3-BF4B-00C04F79EFBC}") = "TodoIpi", "Avalonia\TodoIpi\TodoIpi.csproj", "{2159648F-D6D1-4F75-938E-FEC924F65D42}"
EndProject
Project("{FAE04EC0-301F-11D3-BF4B-00C04F79EFBC}") = "TaskApp", "Avalonia\TaskApp\TaskApp.csproj", "{172DE1A4-B15E-4A88-9F31-2CE54F0C1873}"
EndProject
Project("{2150E333-8FDC-42A3-9474-1A3956D46DE8}") = "d_02", "d_02", "{9902EDF2-5CBC-4995-A53E-6ADB243E5FB2}"
	ProjectSection(SolutionItems) = preProject
		readme.md = readme.md
	EndProjectSection
EndProject
Project("{FAE04EC0-301F-11D3-BF4B-00C04F79EFBC}") = "d02_ex00", "Bootcamp\d02\d02_ex00\d02_ex00.csproj", "{A9215CD3-E07D-4F2F-A746-20C582E0EE83}"
EndProject
Project("{2150E333-8FDC-42A3-9474-1A3956D46DE8}") = "ApiParser", "ApiParser", "{A8875728-8227-4646-AEC9-FD44329E8145}"
	ProjectSection(SolutionItems) = preProject
		ApiParser\readme.md = ApiParser\readme.md
		ApiParser\Server.puml = ApiParser\Server.puml
		ApiParser\Client.puml = ApiParser\Client.puml
	EndProjectSection
EndProject
Project("{FAE04EC0-301F-11D3-BF4B-00C04F79EFBC}") = "ServerModel", "ApiParser\ServerModel\ServerModel.csproj", "{E33984C5-270D-4156-A291-AF4ED157A248}"
EndProject
Project("{FAE04EC0-301F-11D3-BF4B-00C04F79EFBC}") = "TestProject", "ApiParser\TestProject\TestProject.csproj", "{25C0084D-D8B8-42F2-BD07-48DEA9AAB05A}"
EndProject
Project("{FAE04EC0-301F-11D3-BF4B-00C04F79EFBC}") = "ServerApp", "ApiParser\ServerApp\ServerApp.csproj", "{A7975B04-84EC-4228-8285-DEDCC6FF0828}"
EndProject
Global
	GlobalSection(SolutionConfigurationPlatforms) = preSolution
		Debug|Any CPU = Debug|Any CPU
		Release|Any CPU = Release|Any CPU
	EndGlobalSection
	GlobalSection(ProjectConfigurationPlatforms) = postSolution
		{559735ED-EA5F-4B4D-B5C3-1FF3C3445CB2}.Debug|Any CPU.ActiveCfg = Debug|Any CPU
		{559735ED-EA5F-4B4D-B5C3-1FF3C3445CB2}.Debug|Any CPU.Build.0 = Debug|Any CPU
		{559735ED-EA5F-4B4D-B5C3-1FF3C3445CB2}.Release|Any CPU.ActiveCfg = Release|Any CPU
		{559735ED-EA5F-4B4D-B5C3-1FF3C3445CB2}.Release|Any CPU.Build.0 = Release|Any CPU
		{C15B719F-DA94-4473-968A-78AE50400D3E}.Debug|Any CPU.ActiveCfg = Debug|Any CPU
		{C15B719F-DA94-4473-968A-78AE50400D3E}.Debug|Any CPU.Build.0 = Debug|Any CPU
		{C15B719F-DA94-4473-968A-78AE50400D3E}.Release|Any CPU.ActiveCfg = Release|Any CPU
		{C15B719F-DA94-4473-968A-78AE50400D3E}.Release|Any CPU.Build.0 = Release|Any CPU
		{A93E1241-FA6F-4D46-9120-2EF75C188B4C}.Debug|Any CPU.ActiveCfg = Debug|Any CPU
		{A93E1241-FA6F-4D46-9120-2EF75C188B4C}.Debug|Any CPU.Build.0 = Debug|Any CPU
		{A93E1241-FA6F-4D46-9120-2EF75C188B4C}.Release|Any CPU.ActiveCfg = Release|Any CPU
		{A93E1241-FA6F-4D46-9120-2EF75C188B4C}.Release|Any CPU.Build.0 = Release|Any CPU
		{E3E146E8-0EF6-4498-87EA-B2080891DD03}.Debug|Any CPU.ActiveCfg = Debug|Any CPU
		{E3E146E8-0EF6-4498-87EA-B2080891DD03}.Debug|Any CPU.Build.0 = Debug|Any CPU
		{E3E146E8-0EF6-4498-87EA-B2080891DD03}.Release|Any CPU.ActiveCfg = Release|Any CPU
		{E3E146E8-0EF6-4498-87EA-B2080891DD03}.Release|Any CPU.Build.0 = Release|Any CPU
		{BD2118FC-5AF9-499D-9413-143539EF3536}.Debug|Any CPU.ActiveCfg = Debug|Any CPU
		{BD2118FC-5AF9-499D-9413-143539EF3536}.Debug|Any CPU.Build.0 = Debug|Any CPU
		{BD2118FC-5AF9-499D-9413-143539EF3536}.Release|Any CPU.ActiveCfg = Release|Any CPU
		{BD2118FC-5AF9-499D-9413-143539EF3536}.Release|Any CPU.Build.0 = Release|Any CPU
		{64D273D3-846A-44EB-BD23-B915D34043A3}.Debug|Any CPU.ActiveCfg = Debug|Any CPU
		{64D273D3-846A-44EB-BD23-B915D34043A3}.Debug|Any CPU.Build.0 = Debug|Any CPU
		{64D273D3-846A-44EB-BD23-B915D34043A3}.Release|Any CPU.ActiveCfg = Release|Any CPU
		{64D273D3-846A-44EB-BD23-B915D34043A3}.Release|Any CPU.Build.0 = Release|Any CPU
		{2159648F-D6D1-4F75-938E-FEC924F65D42}.Debug|Any CPU.ActiveCfg = Debug|Any CPU
		{2159648F-D6D1-4F75-938E-FEC924F65D42}.Debug|Any CPU.Build.0 = Debug|Any CPU
		{2159648F-D6D1-4F75-938E-FEC924F65D42}.Release|Any CPU.ActiveCfg = Release|Any CPU
		{2159648F-D6D1-4F75-938E-FEC924F65D42}.Release|Any CPU.Build.0 = Release|Any CPU
		{172DE1A4-B15E-4A88-9F31-2CE54F0C1873}.Debug|Any CPU.ActiveCfg = Debug|Any CPU
		{172DE1A4-B15E-4A88-9F31-2CE54F0C1873}.Debug|Any CPU.Build.0 = Debug|Any CPU
		{172DE1A4-B15E-4A88-9F31-2CE54F0C1873}.Release|Any CPU.ActiveCfg = Release|Any CPU
		{172DE1A4-B15E-4A88-9F31-2CE54F0C1873}.Release|Any CPU.Build.0 = Release|Any CPU
		{A9215CD3-E07D-4F2F-A746-20C582E0EE83}.Debug|Any CPU.ActiveCfg = Debug|Any CPU
		{A9215CD3-E07D-4F2F-A746-20C582E0EE83}.Debug|Any CPU.Build.0 = Debug|Any CPU
		{A9215CD3-E07D-4F2F-A746-20C582E0EE83}.Release|Any CPU.ActiveCfg = Release|Any CPU
		{A9215CD3-E07D-4F2F-A746-20C582E0EE83}.Release|Any CPU.Build.0 = Release|Any CPU
		{E33984C5-270D-4156-A291-AF4ED157A248}.Debug|Any CPU.ActiveCfg = Debug|Any CPU
		{E33984C5-270D-4156-A291-AF4ED157A248}.Debug|Any CPU.Build.0 = Debug|Any CPU
		{E33984C5-270D-4156-A291-AF4ED157A248}.Release|Any CPU.ActiveCfg = Release|Any CPU
		{E33984C5-270D-4156-A291-AF4ED157A248}.Release|Any CPU.Build.0 = Release|Any CPU
		{25C0084D-D8B8-42F2-BD07-48DEA9AAB05A}.Debug|Any CPU.ActiveCfg = Debug|Any CPU
		{25C0084D-D8B8-42F2-BD07-48DEA9AAB05A}.Debug|Any CPU.Build.0 = Debug|Any CPU
		{25C0084D-D8B8-42F2-BD07-48DEA9AAB05A}.Release|Any CPU.ActiveCfg = Release|Any CPU
		{25C0084D-D8B8-42F2-BD07-48DEA9AAB05A}.Release|Any CPU.Build.0 = Release|Any CPU
		{A7975B04-84EC-4228-8285-DEDCC6FF0828}.Debug|Any CPU.ActiveCfg = Debug|Any CPU
		{A7975B04-84EC-4228-8285-DEDCC6FF0828}.Debug|Any CPU.Build.0 = Debug|Any CPU
		{A7975B04-84EC-4228-8285-DEDCC6FF0828}.Release|Any CPU.ActiveCfg = Release|Any CPU
		{A7975B04-84EC-4228-8285-DEDCC6FF0828}.Release|Any CPU.Build.0 = Release|Any CPU
	EndGlobalSection
	GlobalSection(NestedProjects) = preSolution
		{5CB45EF6-085B-4EAB-B816-219E4D74EE56} = {80211619-DC93-4A03-918B-8C4BAA2BA427}
		{A93E1241-FA6F-4D46-9120-2EF75C188B4C} = {5CB45EF6-085B-4EAB-B816-219E4D74EE56}
		{E3E146E8-0EF6-4498-87EA-B2080891DD03} = {5CB45EF6-085B-4EAB-B816-219E4D74EE56}
		{BD2118FC-5AF9-499D-9413-143539EF3536} = {12F1A7AE-94F2-4CBF-AA0A-9E88892956AC}
		{8C3E7C8D-C77E-4FB0-8B96-ED87DF38B7AF} = {80211619-DC93-4A03-918B-8C4BAA2BA427}
		{64D273D3-846A-44EB-BD23-B915D34043A3} = {8C3E7C8D-C77E-4FB0-8B96-ED87DF38B7AF}
		{2159648F-D6D1-4F75-938E-FEC924F65D42} = {61980DBE-78D9-42EE-A434-742AA8423144}
		{172DE1A4-B15E-4A88-9F31-2CE54F0C1873} = {61980DBE-78D9-42EE-A434-742AA8423144}
		{9902EDF2-5CBC-4995-A53E-6ADB243E5FB2} = {80211619-DC93-4A03-918B-8C4BAA2BA427}
		{A9215CD3-E07D-4F2F-A746-20C582E0EE83} = {9902EDF2-5CBC-4995-A53E-6ADB243E5FB2}
		{E33984C5-270D-4156-A291-AF4ED157A248} = {A8875728-8227-4646-AEC9-FD44329E8145}
		{25C0084D-D8B8-42F2-BD07-48DEA9AAB05A} = {A8875728-8227-4646-AEC9-FD44329E8145}
		{A7975B04-84EC-4228-8285-DEDCC6FF0828} = {A8875728-8227-4646-AEC9-FD44329E8145}
	EndGlobalSection
EndGlobal
