
Microsoft Visual Studio Solution File, Format Version 12.00
Project("{FAE04EC0-301F-11D3-BF4B-00C04F79EFBC}") = "WormsFinder", "WormsFinder\WormsFinder.csproj", "{559735ED-EA5F-4B4D-B5C3-1FF3C3445CB2}"
EndProject
Project("{FAE04EC0-301F-11D3-BF4B-00C04F79EFBC}") = "TestWorms", "TestWorms\TestWorms.csproj", "{C15B719F-DA94-4473-968A-78AE50400D3E}"
EndProject
Project("{2150E333-8FDC-42A3-9474-1A3956D46DE8}") = "Bootcamp", "Bootcamp", "{80211619-DC93-4A03-918B-8C4BAA2BA427}"
EndProject
Project("{2150E333-8FDC-42A3-9474-1A3956D46DE8}") = "d_00", "d_00", "{5CB45EF6-085B-4EAB-B816-219E4D74EE56}"
EndProject
Project("{FAE04EC0-301F-11D3-BF4B-00C04F79EFBC}") = "d_00_ex00", "Bootcamp\d_00\d_00_ex00\d_00_ex00.csproj", "{A93E1241-FA6F-4D46-9120-2EF75C188B4C}"
EndProject
Project("{FAE04EC0-301F-11D3-BF4B-00C04F79EFBC}") = "d_00_ex01", "Bootcamp\d_00\d_00_ex01\d_00_ex01.csproj", "{E3E146E8-0EF6-4498-87EA-B2080891DD03}"
EndProject
Project("{2150E333-8FDC-42A3-9474-1A3956D46DE8}") = "WpfStudy", "WpfStudy", "{12F1A7AE-94F2-4CBF-AA0A-9E88892956AC}"
EndProject
Project("{FAE04EC0-301F-11D3-BF4B-00C04F79EFBC}") = "WpfApp", "WpfApp\WpfApp.csproj", "{BD2118FC-5AF9-499D-9413-143539EF3536}"
EndProject
Global
	GlobalSection(SolutionConfigurationPlatforms) = preSolution
		Debug|Any CPU = Debug|Any CPU
		Release|Any CPU = Release|Any CPU
	EndGlobalSection
	GlobalSection(ProjectConfigurationPlatforms) = postSolution
		{559735ED-EA5F-4B4D-B5C3-1FF3C3445CB2}.Debug|Any CPU.ActiveCfg = Debug|Any CPU
		{559735ED-EA5F-4B4D-B5C3-1FF3C3445CB2}.Debug|Any CPU.Build.0 = Debug|Any CPU
		{559735ED-EA5F-4B4D-B5C3-1FF3C3445CB2}.Release|Any CPU.ActiveCfg = Release|Any CPU
		{559735ED-EA5F-4B4D-B5C3-1FF3C3445CB2}.Release|Any CPU.Build.0 = Release|Any CPU
		{C15B719F-DA94-4473-968A-78AE50400D3E}.Debug|Any CPU.ActiveCfg = Debug|Any CPU
		{C15B719F-DA94-4473-968A-78AE50400D3E}.Debug|Any CPU.Build.0 = Debug|Any CPU
		{C15B719F-DA94-4473-968A-78AE50400D3E}.Release|Any CPU.ActiveCfg = Release|Any CPU
		{C15B719F-DA94-4473-968A-78AE50400D3E}.Release|Any CPU.Build.0 = Release|Any CPU
		{A93E1241-FA6F-4D46-9120-2EF75C188B4C}.Debug|Any CPU.ActiveCfg = Debug|Any CPU
		{A93E1241-FA6F-4D46-9120-2EF75C188B4C}.Debug|Any CPU.Build.0 = Debug|Any CPU
		{A93E1241-FA6F-4D46-9120-2EF75C188B4C}.Release|Any CPU.ActiveCfg = Release|Any CPU
		{A93E1241-FA6F-4D46-9120-2EF75C188B4C}.Release|Any CPU.Build.0 = Release|Any CPU
		{E3E146E8-0EF6-4498-87EA-B2080891DD03}.Debug|Any CPU.ActiveCfg = Debug|Any CPU
		{E3E146E8-0EF6-4498-87EA-B2080891DD03}.Debug|Any CPU.Build.0 = Debug|Any CPU
		{E3E146E8-0EF6-4498-87EA-B2080891DD03}.Release|Any CPU.ActiveCfg = Release|Any CPU
		{E3E146E8-0EF6-4498-87EA-B2080891DD03}.Release|Any CPU.Build.0 = Release|Any CPU
		{BD2118FC-5AF9-499D-9413-143539EF3536}.Debug|Any CPU.ActiveCfg = Debug|Any CPU
		{BD2118FC-5AF9-499D-9413-143539EF3536}.Debug|Any CPU.Build.0 = Debug|Any CPU
		{BD2118FC-5AF9-499D-9413-143539EF3536}.Release|Any CPU.ActiveCfg = Release|Any CPU
		{BD2118FC-5AF9-499D-9413-143539EF3536}.Release|Any CPU.Build.0 = Release|Any CPU
	EndGlobalSection
	GlobalSection(NestedProjects) = preSolution
		{5CB45EF6-085B-4EAB-B816-219E4D74EE56} = {80211619-DC93-4A03-918B-8C4BAA2BA427}
		{A93E1241-FA6F-4D46-9120-2EF75C188B4C} = {5CB45EF6-085B-4EAB-B816-219E4D74EE56}
		{E3E146E8-0EF6-4498-87EA-B2080891DD03} = {5CB45EF6-085B-4EAB-B816-219E4D74EE56}
		{BD2118FC-5AF9-499D-9413-143539EF3536} = {12F1A7AE-94F2-4CBF-AA0A-9E88892956AC}
	EndGlobalSection
EndGlobal
